// !$*UTF8*$!
{
	archiveVersion = 1;
	classes = {
	};
	objectVersion = 56;
	objects = {

/* Begin PBXBuildFile section */
		141BA62ED73F341AD5274B6E /* HealthKitManager.swift in Sources */ = {isa = PBXBuildFile; fileRef = 19E8C2C9A058FD67CAEC9249 /* HealthKitManager.swift */; };
		208188F567B856E3D8981415 /* FoodTests.swift in Sources */ = {isa = PBXBuildFile; fileRef = 716A2F5DE704115F805533E7 /* FoodTests.swift */; };
		336ECEFAA94682BD7A3E3F80 /* Haptics.swift in Sources */ = {isa = PBXBuildFile; fileRef = A2973E820DEC886B90923E93 /* Haptics.swift */; };
		36A279F1E8CCB16A4F4C28CB /* RunningTests.swift in Sources */ = {isa = PBXBuildFile; fileRef = D1682151515D32BABA003CA5 /* RunningTests.swift */; };
		3834BBFA138626FFE6D64961 /* ProgressTests.swift in Sources */ = {isa = PBXBuildFile; fileRef = 188F1EA47383D7C44D573BBD /* ProgressTests.swift */; };
		3B0EBAF6CDF38DBEFB13BF2D /* FitDropWidgets.appex in Embed Foundation Extensions */ = {isa = PBXBuildFile; fileRef = 90D524E78A76ED14830D9A76 /* FitDropWidgets.appex */; settings = {ATTRIBUTES = (RemoveHeadersOnCopy, ); }; };
		3C502BA629C7013E62C88E96 /* DataExporter.swift in Sources */ = {isa = PBXBuildFile; fileRef = 70C2B118468582B54A424ADE /* DataExporter.swift */; };
		408FF947651D2F0AEFB616BB /* FastingLiveActivity.swift in Sources */ = {isa = PBXBuildFile; fileRef = D0602A3D307456BFF500BEF2 /* FastingLiveActivity.swift */; };
		4A277CC7A2031EDF0A4494A5 /* TestSupport.swift in Sources */ = {isa = PBXBuildFile; fileRef = 0056FDD7B40A907B7FBAD122 /* TestSupport.swift */; };
		51771D7ED8717D77D7C3115B /* FastingLiveActivityWidget.swift in Sources */ = {isa = PBXBuildFile; fileRef = F058F36C6C28CEDE28327803 /* FastingLiveActivityWidget.swift */; };
		5D44A966A1E725996778F187 /* NumberFormatting.swift in Sources */ = {isa = PBXBuildFile; fileRef = 565F6D0731930911039661F7 /* NumberFormatting.swift */; };
		610D8F7C7C5B127CC55F2A23 /* WorkoutTimingTests.swift in Sources */ = {isa = PBXBuildFile; fileRef = 2B66D50AE37CB1D75D5129E2 /* WorkoutTimingTests.swift */; };
		70E3CE6547ABAFD757ED4C9D /* AIFoodTests.swift in Sources */ = {isa = PBXBuildFile; fileRef = 560DCFF5EF8A515183A95F92 /* AIFoodTests.swift */; };
		7708A0B7C1298E4EF988E303 /* DemoData.swift in Sources */ = {isa = PBXBuildFile; fileRef = 468B83EF93371A05680F763B /* DemoData.swift */; };
		7C998EFDBDE63AC97A615091 /* FitDropWidgetsBundle.swift in Sources */ = {isa = PBXBuildFile; fileRef = 09CBB7E4B4BBF125F9F5BEB9 /* FitDropWidgetsBundle.swift */; };
		88A33FC5A7F6499E636A7548 /* Foundation.framework in Frameworks */ = {isa = PBXBuildFile; fileRef = 3AF1695211DA83276F71D178 /* Foundation.framework */; };
		9C8564DB7C39E706D3F66E97 /* Streaks.swift in Sources */ = {isa = PBXBuildFile; fileRef = D20EDA1544D4E78B8C1C8BCB /* Streaks.swift */; };
		9CAAC383737D50F00F181618 /* CalorieCalculatorTests.swift in Sources */ = {isa = PBXBuildFile; fileRef = FC4A8AB23323D75DA4100711 /* CalorieCalculatorTests.swift */; };
		9E358C4F3894F2FB849B2BDE /* FitDropUITests.swift in Sources */ = {isa = PBXBuildFile; fileRef = 2916DD4E502D1E90E2A20A8C /* FitDropUITests.swift */; };
		AA000001 /* FitDropApp.swift in Sources */ = {isa = PBXBuildFile; fileRef = BB000001 /* FitDropApp.swift */; };
		AA000002 /* ContentView.swift in Sources */ = {isa = PBXBuildFile; fileRef = BB000002 /* ContentView.swift */; };
		AA000003 /* UserProfile.swift in Sources */ = {isa = PBXBuildFile; fileRef = BB000003 /* UserProfile.swift */; };
		AA000004 /* WorkoutSession.swift in Sources */ = {isa = PBXBuildFile; fileRef = BB000004 /* WorkoutSession.swift */; };
		AA000005 /* FoodEntry.swift in Sources */ = {isa = PBXBuildFile; fileRef = BB000005 /* FoodEntry.swift */; };
		AA000006 /* FastingSession.swift in Sources */ = {isa = PBXBuildFile; fileRef = BB000006 /* FastingSession.swift */; };
		AA000007 /* RunSession.swift in Sources */ = {isa = PBXBuildFile; fileRef = BB000007 /* RunSession.swift */; };
		AA000008 /* DesignSystem.swift in Sources */ = {isa = PBXBuildFile; fileRef = BB000008 /* DesignSystem.swift */; };
		AA000009 /* CalorieCalculator.swift in Sources */ = {isa = PBXBuildFile; fileRef = BB000009 /* CalorieCalculator.swift */; };
		AA000010 /* OpenFoodFactsService.swift in Sources */ = {isa = PBXBuildFile; fileRef = BB000010 /* OpenFoodFactsService.swift */; };
		AA000011 /* NotificationManager.swift in Sources */ = {isa = PBXBuildFile; fileRef = BB000011 /* NotificationManager.swift */; };
		AA000012 /* OnboardingViewModel.swift in Sources */ = {isa = PBXBuildFile; fileRef = BB000012 /* OnboardingViewModel.swift */; };
		AA000013 /* WorkoutViewModel.swift in Sources */ = {isa = PBXBuildFile; fileRef = BB000013 /* WorkoutViewModel.swift */; };
		AA000014 /* FoodViewModel.swift in Sources */ = {isa = PBXBuildFile; fileRef = BB000014 /* FoodViewModel.swift */; };
		AA000015 /* FastingViewModel.swift in Sources */ = {isa = PBXBuildFile; fileRef = BB000015 /* FastingViewModel.swift */; };
		AA000016 /* RunningPlanViewModel.swift in Sources */ = {isa = PBXBuildFile; fileRef = BB000016 /* RunningPlanViewModel.swift */; };
		AA000017 /* DashboardViewModel.swift in Sources */ = {isa = PBXBuildFile; fileRef = BB000017 /* DashboardViewModel.swift */; };
		AA000018 /* OnboardingView.swift in Sources */ = {isa = PBXBuildFile; fileRef = BB000018 /* OnboardingView.swift */; };
		AA000019 /* WorkoutLibraryView.swift in Sources */ = {isa = PBXBuildFile; fileRef = BB000019 /* WorkoutLibraryView.swift */; };
		AA000020 /* WorkoutDetailView.swift in Sources */ = {isa = PBXBuildFile; fileRef = BB000020 /* WorkoutDetailView.swift */; };
		AA000021 /* WorkoutSessionView.swift in Sources */ = {isa = PBXBuildFile; fileRef = BB000021 /* WorkoutSessionView.swift */; };
		AA000022 /* FoodTrackerView.swift in Sources */ = {isa = PBXBuildFile; fileRef = BB000022 /* FoodTrackerView.swift */; };
		AA000023 /* BarcodeScannerView.swift in Sources */ = {isa = PBXBuildFile; fileRef = BB000023 /* BarcodeScannerView.swift */; };
		AA000024 /* FoodSearchView.swift in Sources */ = {isa = PBXBuildFile; fileRef = BB000024 /* FoodSearchView.swift */; };
		AA000025 /* RunningPlanView.swift in Sources */ = {isa = PBXBuildFile; fileRef = BB000025 /* RunningPlanView.swift */; };
		AA000026 /* DashboardView.swift in Sources */ = {isa = PBXBuildFile; fileRef = BB000026 /* DashboardView.swift */; };
		AA000027 /* FastingView.swift in Sources */ = {isa = PBXBuildFile; fileRef = BB000027 /* FastingView.swift */; };
		AA000028 /* FastingHistoryView.swift in Sources */ = {isa = PBXBuildFile; fileRef = BB000028 /* FastingHistoryView.swift */; };
		AA000029 /* Assets.xcassets in Resources */ = {isa = PBXBuildFile; fileRef = BB000029 /* Assets.xcassets */; };
		AAE6DBD26D757D7BDE1C6756 /* SettingsView.swift in Sources */ = {isa = PBXBuildFile; fileRef = AE9B8666BB923FF270854E18 /* SettingsView.swift */; };
		AF1154A22EE0D1D176657175 /* Foundation.framework in Frameworks */ = {isa = PBXBuildFile; fileRef = 3AF1695211DA83276F71D178 /* Foundation.framework */; };
		B19C8210F90758C97A4BEB09 /* WaterLog.swift in Sources */ = {isa = PBXBuildFile; fileRef = 1EBA3A69212C0BA4139ACAF1 /* WaterLog.swift */; };
		B56AB98F9B58920FBB580983 /* AIFoodScanView.swift in Sources */ = {isa = PBXBuildFile; fileRef = 0CE58AEAAB365994D360A2F4 /* AIFoodScanView.swift */; };
		CA8592CCEFE6ED60D8F248BD /* KeychainStore.swift in Sources */ = {isa = PBXBuildFile; fileRef = 1667F33614A659824A9DC48A /* KeychainStore.swift */; };
		D33644AAE51E5A626F22302B /* FastingActivityAttributes.swift in Sources */ = {isa = PBXBuildFile; fileRef = 6E32F0548E4C3E1EEE8CBE34 /* FastingActivityAttributes.swift */; };
		DC52A34CF31F490908DB475D /* FastingTests.swift in Sources */ = {isa = PBXBuildFile; fileRef = F665253D343205FC96436135 /* FastingTests.swift */; };
		DDA3195DE2705D4F6AB44348 /* Foundation.framework in Frameworks */ = {isa = PBXBuildFile; fileRef = 3AF1695211DA83276F71D178 /* Foundation.framework */; };
		F569049D737C4A049F3DCBB8 /* FastingActivityAttributes.swift in Sources */ = {isa = PBXBuildFile; fileRef = 6E32F0548E4C3E1EEE8CBE34 /* FastingActivityAttributes.swift */; };
		FD2D2D8D040472A60859DF4C /* AIFoodAnalyzer.swift in Sources */ = {isa = PBXBuildFile; fileRef = F355CE2634792CFCD7414620 /* AIFoodAnalyzer.swift */; };
		FE0D40B607FD859C58BA319C /* OFFFixtures.swift in Sources */ = {isa = PBXBuildFile; fileRef = 2891F17129C26ACD2616662A /* OFFFixtures.swift */; };
/* End PBXBuildFile section */

/* Begin PBXContainerItemProxy section */
		79EFB7E34477B00FD7BBFC69 /* PBXContainerItemProxy */ = {
			isa = PBXContainerItemProxy;
			containerPortal = PP000001 /* Project object */;
			proxyType = 1;
			remoteGlobalIDString = 2EA0F0EEBBDACC255C65DECF;
			remoteInfo = FitDropWidgets;
		};
		8E0E4F25FD2F214188FE4277 /* PBXContainerItemProxy */ = {
			isa = PBXContainerItemProxy;
			containerPortal = PP000001 /* Project object */;
			proxyType = 1;
			remoteGlobalIDString = TT000001;
			remoteInfo = FitDrop;
		};
		EC225174D41EE1D5504502F4 /* PBXContainerItemProxy */ = {
			isa = PBXContainerItemProxy;
			containerPortal = PP000001 /* Project object */;
			proxyType = 1;
			remoteGlobalIDString = TT000001;
			remoteInfo = FitDrop;
		};
/* End PBXContainerItemProxy section */

/* Begin PBXCopyFilesBuildPhase section */
		4DF387B01984B00034670455 /* Embed Foundation Extensions */ = {
			isa = PBXCopyFilesBuildPhase;
			buildActionMask = 2147483647;
			dstPath = "";
			dstSubfolderSpec = 13;
			files = (
				3B0EBAF6CDF38DBEFB13BF2D /* FitDropWidgets.appex in Embed Foundation Extensions */,
			);
			name = "Embed Foundation Extensions";
			runOnlyForDeploymentPostprocessing = 0;
		};
/* End PBXCopyFilesBuildPhase section */

/* Begin PBXFileReference section */
		0056FDD7B40A907B7FBAD122 /* TestSupport.swift */ = {isa = PBXFileReference; includeInIndex = 1; lastKnownFileType = sourcecode.swift; path = TestSupport.swift; sourceTree = "<group>"; };
		09CBB7E4B4BBF125F9F5BEB9 /* FitDropWidgetsBundle.swift */ = {isa = PBXFileReference; includeInIndex = 1; lastKnownFileType = sourcecode.swift; path = FitDropWidgetsBundle.swift; sourceTree = "<group>"; };
		0CE58AEAAB365994D360A2F4 /* AIFoodScanView.swift */ = {isa = PBXFileReference; includeInIndex = 1; lastKnownFileType = sourcecode.swift; path = AIFoodScanView.swift; sourceTree = "<group>"; };
		1667F33614A659824A9DC48A /* KeychainStore.swift */ = {isa = PBXFileReference; includeInIndex = 1; lastKnownFileType = sourcecode.swift; path = KeychainStore.swift; sourceTree = "<group>"; };
		188F1EA47383D7C44D573BBD /* ProgressTests.swift */ = {isa = PBXFileReference; includeInIndex = 1; lastKnownFileType = sourcecode.swift; path = ProgressTests.swift; sourceTree = "<group>"; };
		19E8C2C9A058FD67CAEC9249 /* HealthKitManager.swift */ = {isa = PBXFileReference; includeInIndex = 1; lastKnownFileType = sourcecode.swift; path = HealthKitManager.swift; sourceTree = "<group>"; };
		1EBA3A69212C0BA4139ACAF1 /* WaterLog.swift */ = {isa = PBXFileReference; includeInIndex = 1; lastKnownFileType = sourcecode.swift; path = WaterLog.swift; sourceTree = "<group>"; };
		270B4B76CCC40F3B83E1A6C0 /* FitDropTests.xctest */ = {isa = PBXFileReference; explicitFileType = wrapper.cfbundle; includeInIndex = 0; path = FitDropTests.xctest; sourceTree = BUILT_PRODUCTS_DIR; };
		2891F17129C26ACD2616662A /* OFFFixtures.swift */ = {isa = PBXFileReference; includeInIndex = 1; lastKnownFileType = sourcecode.swift; path = OFFFixtures.swift; sourceTree = "<group>"; };
		2916DD4E502D1E90E2A20A8C /* FitDropUITests.swift */ = {isa = PBXFileReference; includeInIndex = 1; lastKnownFileType = sourcecode.swift; path = FitDropUITests.swift; sourceTree = "<group>"; };
		2B66D50AE37CB1D75D5129E2 /* WorkoutTimingTests.swift */ = {isa = PBXFileReference; includeInIndex = 1; lastKnownFileType = sourcecode.swift; path = WorkoutTimingTests.swift; sourceTree = "<group>"; };
		3A5DFD2AD7DC92570F164CFB /* FitDrop.entitlements */ = {isa = PBXFileReference; includeInIndex = 1; lastKnownFileType = text.plist.entitlements; path = FitDrop.entitlements; sourceTree = "<group>"; };
		3AF1695211DA83276F71D178 /* Foundation.framework */ = {isa = PBXFileReference; lastKnownFileType = wrapper.framework; name = Foundation.framework; path = Platforms/iPhoneOS.platform/Developer/SDKs/iPhoneOS18.0.sdk/System/Library/Frameworks/Foundation.framework; sourceTree = DEVELOPER_DIR; };
		3B788579FAB5C97D8B9C1CA8 /* Info.plist */ = {isa = PBXFileReference; includeInIndex = 1; lastKnownFileType = text.plist.xml; path = Info.plist; sourceTree = "<group>"; };
		468B83EF93371A05680F763B /* DemoData.swift */ = {isa = PBXFileReference; includeInIndex = 1; lastKnownFileType = sourcecode.swift; path = DemoData.swift; sourceTree = "<group>"; };
		560DCFF5EF8A515183A95F92 /* AIFoodTests.swift */ = {isa = PBXFileReference; includeInIndex = 1; lastKnownFileType = sourcecode.swift; path = AIFoodTests.swift; sourceTree = "<group>"; };
		565F6D0731930911039661F7 /* NumberFormatting.swift */ = {isa = PBXFileReference; includeInIndex = 1; lastKnownFileType = sourcecode.swift; path = NumberFormatting.swift; sourceTree = "<group>"; };
		6E32F0548E4C3E1EEE8CBE34 /* FastingActivityAttributes.swift */ = {isa = PBXFileReference; includeInIndex = 1; lastKnownFileType = sourcecode.swift; path = FastingActivityAttributes.swift; sourceTree = "<group>"; };
		70C2B118468582B54A424ADE /* DataExporter.swift */ = {isa = PBXFileReference; includeInIndex = 1; lastKnownFileType = sourcecode.swift; path = DataExporter.swift; sourceTree = "<group>"; };
		716A2F5DE704115F805533E7 /* FoodTests.swift */ = {isa = PBXFileReference; includeInIndex = 1; lastKnownFileType = sourcecode.swift; path = FoodTests.swift; sourceTree = "<group>"; };
		90D524E78A76ED14830D9A76 /* FitDropWidgets.appex */ = {isa = PBXFileReference; explicitFileType = "wrapper.app-extension"; includeInIndex = 0; path = FitDropWidgets.appex; sourceTree = BUILT_PRODUCTS_DIR; };
		A2973E820DEC886B90923E93 /* Haptics.swift */ = {isa = PBXFileReference; includeInIndex = 1; lastKnownFileType = sourcecode.swift; path = Haptics.swift; sourceTree = "<group>"; };
		A6DF7299317C0DC3ECEE8BF2 /* FitDropUITests.xctest */ = {isa = PBXFileReference; explicitFileType = wrapper.cfbundle; includeInIndex = 0; path = FitDropUITests.xctest; sourceTree = BUILT_PRODUCTS_DIR; };
		AE9B8666BB923FF270854E18 /* SettingsView.swift */ = {isa = PBXFileReference; includeInIndex = 1; lastKnownFileType = sourcecode.swift; path = SettingsView.swift; sourceTree = "<group>"; };
		BB000001 /* FitDropApp.swift */ = {isa = PBXFileReference; lastKnownFileType = sourcecode.swift; path = FitDropApp.swift; sourceTree = "<group>"; };
		BB000002 /* ContentView.swift */ = {isa = PBXFileReference; lastKnownFileType = sourcecode.swift; path = ContentView.swift; sourceTree = "<group>"; };
		BB000003 /* UserProfile.swift */ = {isa = PBXFileReference; lastKnownFileType = sourcecode.swift; path = UserProfile.swift; sourceTree = "<group>"; };
		BB000004 /* WorkoutSession.swift */ = {isa = PBXFileReference; lastKnownFileType = sourcecode.swift; path = WorkoutSession.swift; sourceTree = "<group>"; };
		BB000005 /* FoodEntry.swift */ = {isa = PBXFileReference; lastKnownFileType = sourcecode.swift; path = FoodEntry.swift; sourceTree = "<group>"; };
		BB000006 /* FastingSession.swift */ = {isa = PBXFileReference; lastKnownFileType = sourcecode.swift; path = FastingSession.swift; sourceTree = "<group>"; };
		BB000007 /* RunSession.swift */ = {isa = PBXFileReference; lastKnownFileType = sourcecode.swift; path = RunSession.swift; sourceTree = "<group>"; };
		BB000008 /* DesignSystem.swift */ = {isa = PBXFileReference; lastKnownFileType = sourcecode.swift; path = DesignSystem.swift; sourceTree = "<group>"; };
		BB000009 /* CalorieCalculator.swift */ = {isa = PBXFileReference; lastKnownFileType = sourcecode.swift; path = CalorieCalculator.swift; sourceTree = "<group>"; };
		BB000010 /* OpenFoodFactsService.swift */ = {isa = PBXFileReference; lastKnownFileType = sourcecode.swift; path = OpenFoodFactsService.swift; sourceTree = "<group>"; };
		BB000011 /* NotificationManager.swift */ = {isa = PBXFileReference; lastKnownFileType = sourcecode.swift; path = NotificationManager.swift; sourceTree = "<group>"; };
		BB000012 /* OnboardingViewModel.swift */ = {isa = PBXFileReference; lastKnownFileType = sourcecode.swift; path = OnboardingViewModel.swift; sourceTree = "<group>"; };
		BB000013 /* WorkoutViewModel.swift */ = {isa = PBXFileReference; lastKnownFileType = sourcecode.swift; path = WorkoutViewModel.swift; sourceTree = "<group>"; };
		BB000014 /* FoodViewModel.swift */ = {isa = PBXFileReference; lastKnownFileType = sourcecode.swift; path = FoodViewModel.swift; sourceTree = "<group>"; };
		BB000015 /* FastingViewModel.swift */ = {isa = PBXFileReference; lastKnownFileType = sourcecode.swift; path = FastingViewModel.swift; sourceTree = "<group>"; };
		BB000016 /* RunningPlanViewModel.swift */ = {isa = PBXFileReference; lastKnownFileType = sourcecode.swift; path = RunningPlanViewModel.swift; sourceTree = "<group>"; };
		BB000017 /* DashboardViewModel.swift */ = {isa = PBXFileReference; lastKnownFileType = sourcecode.swift; path = DashboardViewModel.swift; sourceTree = "<group>"; };
		BB000018 /* OnboardingView.swift */ = {isa = PBXFileReference; lastKnownFileType = sourcecode.swift; path = OnboardingView.swift; sourceTree = "<group>"; };
		BB000019 /* WorkoutLibraryView.swift */ = {isa = PBXFileReference; lastKnownFileType = sourcecode.swift; path = WorkoutLibraryView.swift; sourceTree = "<group>"; };
		BB000020 /* WorkoutDetailView.swift */ = {isa = PBXFileReference; lastKnownFileType = sourcecode.swift; path = WorkoutDetailView.swift; sourceTree = "<group>"; };
		BB000021 /* WorkoutSessionView.swift */ = {isa = PBXFileReference; lastKnownFileType = sourcecode.swift; path = WorkoutSessionView.swift; sourceTree = "<group>"; };
		BB000022 /* FoodTrackerView.swift */ = {isa = PBXFileReference; lastKnownFileType = sourcecode.swift; path = FoodTrackerView.swift; sourceTree = "<group>"; };
		BB000023 /* BarcodeScannerView.swift */ = {isa = PBXFileReference; lastKnownFileType = sourcecode.swift; path = BarcodeScannerView.swift; sourceTree = "<group>"; };
		BB000024 /* FoodSearchView.swift */ = {isa = PBXFileReference; lastKnownFileType = sourcecode.swift; path = FoodSearchView.swift; sourceTree = "<group>"; };
		BB000025 /* RunningPlanView.swift */ = {isa = PBXFileReference; lastKnownFileType = sourcecode.swift; path = RunningPlanView.swift; sourceTree = "<group>"; };
		BB000026 /* DashboardView.swift */ = {isa = PBXFileReference; lastKnownFileType = sourcecode.swift; path = DashboardView.swift; sourceTree = "<group>"; };
		BB000027 /* FastingView.swift */ = {isa = PBXFileReference; lastKnownFileType = sourcecode.swift; path = FastingView.swift; sourceTree = "<group>"; };
		BB000028 /* FastingHistoryView.swift */ = {isa = PBXFileReference; lastKnownFileType = sourcecode.swift; path = FastingHistoryView.swift; sourceTree = "<group>"; };
		BB000029 /* Assets.xcassets */ = {isa = PBXFileReference; lastKnownFileType = folder.assetcatalog; path = Assets.xcassets; sourceTree = "<group>"; };
		BB000030 /* Info.plist */ = {isa = PBXFileReference; lastKnownFileType = text.plist.xml; path = Info.plist; sourceTree = "<group>"; };
		CC000001 /* FitDrop.app */ = {isa = PBXFileReference; explicitFileType = wrapper.application; includeInIndex = 0; path = FitDrop.app; sourceTree = BUILT_PRODUCTS_DIR; };
		D0602A3D307456BFF500BEF2 /* FastingLiveActivity.swift */ = {isa = PBXFileReference; includeInIndex = 1; lastKnownFileType = sourcecode.swift; path = FastingLiveActivity.swift; sourceTree = "<group>"; };
		D1682151515D32BABA003CA5 /* RunningTests.swift */ = {isa = PBXFileReference; includeInIndex = 1; lastKnownFileType = sourcecode.swift; path = RunningTests.swift; sourceTree = "<group>"; };
		D20EDA1544D4E78B8C1C8BCB /* Streaks.swift */ = {isa = PBXFileReference; includeInIndex = 1; lastKnownFileType = sourcecode.swift; path = Streaks.swift; sourceTree = "<group>"; };
		F058F36C6C28CEDE28327803 /* FastingLiveActivityWidget.swift */ = {isa = PBXFileReference; includeInIndex = 1; lastKnownFileType = sourcecode.swift; path = FastingLiveActivityWidget.swift; sourceTree = "<group>"; };
		F355CE2634792CFCD7414620 /* AIFoodAnalyzer.swift */ = {isa = PBXFileReference; includeInIndex = 1; lastKnownFileType = sourcecode.swift; path = AIFoodAnalyzer.swift; sourceTree = "<group>"; };
		F665253D343205FC96436135 /* FastingTests.swift */ = {isa = PBXFileReference; includeInIndex = 1; lastKnownFileType = sourcecode.swift; path = FastingTests.swift; sourceTree = "<group>"; };
		FC4A8AB23323D75DA4100711 /* CalorieCalculatorTests.swift */ = {isa = PBXFileReference; includeInIndex = 1; lastKnownFileType = sourcecode.swift; path = CalorieCalculatorTests.swift; sourceTree = "<group>"; };
/* End PBXFileReference section */

/* Begin PBXFrameworksBuildPhase section */
		1B36788147E4BF0408D15C05 /* Frameworks */ = {
			isa = PBXFrameworksBuildPhase;
			buildActionMask = 2147483647;
			files = (
				88A33FC5A7F6499E636A7548 /* Foundation.framework in Frameworks */,
			);
			runOnlyForDeploymentPostprocessing = 0;
		};
		49AE0B2AE889E83F4A79CB10 /* Frameworks */ = {
			isa = PBXFrameworksBuildPhase;
			buildActionMask = 2147483647;
			files = (
				DDA3195DE2705D4F6AB44348 /* Foundation.framework in Frameworks */,
			);
			runOnlyForDeploymentPostprocessing = 0;
		};
		ACB091AA64158C5C1D165F3E /* Frameworks */ = {
			isa = PBXFrameworksBuildPhase;
			buildActionMask = 2147483647;
			files = (
				AF1154A22EE0D1D176657175 /* Foundation.framework in Frameworks */,
			);
			runOnlyForDeploymentPostprocessing = 0;
		};
		DD000001 /* Frameworks */ = {
			isa = PBXFrameworksBuildPhase;
			buildActionMask = 2147483647;
			files = (
			);
			runOnlyForDeploymentPostprocessing = 0;
		};
/* End PBXFrameworksBuildPhase section */

/* Begin PBXGroup section */
		12C23E0F6701448B87C1FEB5 /* FitDropWidgets */ = {
			isa = PBXGroup;
			children = (
				3B788579FAB5C97D8B9C1CA8 /* Info.plist */,
				F058F36C6C28CEDE28327803 /* FastingLiveActivityWidget.swift */,
				09CBB7E4B4BBF125F9F5BEB9 /* FitDropWidgetsBundle.swift */,
			);
			path = FitDropWidgets;
			sourceTree = "<group>";
		};
		4BAE0D363F559F7A1538F438 /* FitDropTests */ = {
			isa = PBXGroup;
			children = (
				FC4A8AB23323D75DA4100711 /* CalorieCalculatorTests.swift */,
				F665253D343205FC96436135 /* FastingTests.swift */,
				2B66D50AE37CB1D75D5129E2 /* WorkoutTimingTests.swift */,
				716A2F5DE704115F805533E7 /* FoodTests.swift */,
				2891F17129C26ACD2616662A /* OFFFixtures.swift */,
				188F1EA47383D7C44D573BBD /* ProgressTests.swift */,
				D1682151515D32BABA003CA5 /* RunningTests.swift */,
				0056FDD7B40A907B7FBAD122 /* TestSupport.swift */,
				560DCFF5EF8A515183A95F92 /* AIFoodTests.swift */,
			);
			path = FitDropTests;
			sourceTree = "<group>";
		};
		868033369B848E5299B9C9EA /* iOS */ = {
			isa = PBXGroup;
			children = (
				3AF1695211DA83276F71D178 /* Foundation.framework */,
			);
			name = iOS;
			sourceTree = "<group>";
		};
		9B808A05CF98E1F7AF0A6838 /* Frameworks */ = {
			isa = PBXGroup;
			children = (
				868033369B848E5299B9C9EA /* iOS */,
			);
			name = Frameworks;
			sourceTree = "<group>";
		};
		E1277D2A42A67F771B74E2C7 /* Settings */ = {
			isa = PBXGroup;
			children = (
				AE9B8666BB923FF270854E18 /* SettingsView.swift */,
			);
			path = Settings;
			sourceTree = "<group>";
		};
		ED64408788FFE2BD1711FAB1 /* FitDropUITests */ = {
			isa = PBXGroup;
			children = (
				2916DD4E502D1E90E2A20A8C /* FitDropUITests.swift */,
			);
			path = FitDropUITests;
			sourceTree = "<group>";
		};
		EE000001 /* FitDrop */ = {
			isa = PBXGroup;
			children = (
				BB000001 /* FitDropApp.swift */,
				BB000002 /* ContentView.swift */,
				BB000030 /* Info.plist */,
				BB000029 /* Assets.xcassets */,
				EE000002 /* Models */,
				EE000003 /* Views */,
				EE000004 /* ViewModels */,
				EE000005 /* Services */,
				EE000006 /* Utilities */,
				3A5DFD2AD7DC92570F164CFB /* FitDrop.entitlements */,
			);
			path = FitDrop;
			sourceTree = "<group>";
		};
		EE000002 /* Models */ = {
			isa = PBXGroup;
			children = (
				BB000003 /* UserProfile.swift */,
				BB000004 /* WorkoutSession.swift */,
				BB000005 /* FoodEntry.swift */,
				BB000006 /* FastingSession.swift */,
				BB000007 /* RunSession.swift */,
				1EBA3A69212C0BA4139ACAF1 /* WaterLog.swift */,
			);
			path = Models;
			sourceTree = "<group>";
		};
		EE000003 /* Views */ = {
			isa = PBXGroup;
			children = (
				EE000007 /* Onboarding */,
				EE000008 /* Workout */,
				EE000009 /* Food */,
				EE000010 /* Running */,
				EE000011 /* Dashboard */,
				EE000012 /* Fasting */,
				E1277D2A42A67F771B74E2C7 /* Settings */,
			);
			path = Views;
			sourceTree = "<group>";
		};
		EE000004 /* ViewModels */ = {
			isa = PBXGroup;
			children = (
				BB000012 /* OnboardingViewModel.swift */,
				BB000013 /* WorkoutViewModel.swift */,
				BB000014 /* FoodViewModel.swift */,
				BB000015 /* FastingViewModel.swift */,
				BB000016 /* RunningPlanViewModel.swift */,
				BB000017 /* DashboardViewModel.swift */,
			);
			path = ViewModels;
			sourceTree = "<group>";
		};
		EE000005 /* Services */ = {
			isa = PBXGroup;
			children = (
				BB000010 /* OpenFoodFactsService.swift */,
				BB000011 /* NotificationManager.swift */,
				D0602A3D307456BFF500BEF2 /* FastingLiveActivity.swift */,
				70C2B118468582B54A424ADE /* DataExporter.swift */,
				19E8C2C9A058FD67CAEC9249 /* HealthKitManager.swift */,
				F355CE2634792CFCD7414620 /* AIFoodAnalyzer.swift */,
				1667F33614A659824A9DC48A /* KeychainStore.swift */,
			);
			path = Services;
			sourceTree = "<group>";
		};
		EE000006 /* Utilities */ = {
			isa = PBXGroup;
			children = (
				BB000008 /* DesignSystem.swift */,
				BB000009 /* CalorieCalculator.swift */,
				A2973E820DEC886B90923E93 /* Haptics.swift */,
				565F6D0731930911039661F7 /* NumberFormatting.swift */,
				D20EDA1544D4E78B8C1C8BCB /* Streaks.swift */,
				468B83EF93371A05680F763B /* DemoData.swift */,
			);
			path = Utilities;
			sourceTree = "<group>";
		};
		EE000007 /* Onboarding */ = {
			isa = PBXGroup;
			children = (
				BB000018 /* OnboardingView.swift */,
			);
			path = Onboarding;
			sourceTree = "<group>";
		};
		EE000008 /* Workout */ = {
			isa = PBXGroup;
			children = (
				BB000019 /* WorkoutLibraryView.swift */,
				BB000020 /* WorkoutDetailView.swift */,
				BB000021 /* WorkoutSessionView.swift */,
			);
			path = Workout;
			sourceTree = "<group>";
		};
		EE000009 /* Food */ = {
			isa = PBXGroup;
			children = (
				BB000022 /* FoodTrackerView.swift */,
				BB000023 /* BarcodeScannerView.swift */,
				BB000024 /* FoodSearchView.swift */,
				0CE58AEAAB365994D360A2F4 /* AIFoodScanView.swift */,
			);
			path = Food;
			sourceTree = "<group>";
		};
		EE000010 /* Running */ = {
			isa = PBXGroup;
			children = (
				BB000025 /* RunningPlanView.swift */,
			);
			path = Running;
			sourceTree = "<group>";
		};
		EE000011 /* Dashboard */ = {
			isa = PBXGroup;
			children = (
				BB000026 /* DashboardView.swift */,
			);
			path = Dashboard;
			sourceTree = "<group>";
		};
		EE000012 /* Fasting */ = {
			isa = PBXGroup;
			children = (
				BB000027 /* FastingView.swift */,
				BB000028 /* FastingHistoryView.swift */,
			);
			path = Fasting;
			sourceTree = "<group>";
		};
		F733AF49D581716929BB9CA9 /* Shared */ = {
			isa = PBXGroup;
			children = (
				6E32F0548E4C3E1EEE8CBE34 /* FastingActivityAttributes.swift */,
			);
			path = Shared;
			sourceTree = "<group>";
		};
		FF000000 = {
			isa = PBXGroup;
			children = (
				EE000001 /* FitDrop */,
				FF000001 /* Products */,
				9B808A05CF98E1F7AF0A6838 /* Frameworks */,
				4BAE0D363F559F7A1538F438 /* FitDropTests */,
				F733AF49D581716929BB9CA9 /* Shared */,
				12C23E0F6701448B87C1FEB5 /* FitDropWidgets */,
				ED64408788FFE2BD1711FAB1 /* FitDropUITests */,
			);
			sourceTree = "<group>";
		};
		FF000001 /* Products */ = {
			isa = PBXGroup;
			children = (
				CC000001 /* FitDrop.app */,
				270B4B76CCC40F3B83E1A6C0 /* FitDropTests.xctest */,
				90D524E78A76ED14830D9A76 /* FitDropWidgets.appex */,
				A6DF7299317C0DC3ECEE8BF2 /* FitDropUITests.xctest */,
			);
			name = Products;
			sourceTree = "<group>";
		};
/* End PBXGroup section */

/* Begin PBXNativeTarget section */
		1FB8219D1AAF32FEC566DF86 /* FitDropTests */ = {
			isa = PBXNativeTarget;
			buildConfigurationList = F2AB4B82A41D242DDE93ABFE /* Build configuration list for PBXNativeTarget "FitDropTests" */;
			buildPhases = (
				782A27752547609E30792276 /* Sources */,
				1B36788147E4BF0408D15C05 /* Frameworks */,
				05089589E9DDBFA7138AFEA5 /* Resources */,
			);
			buildRules = (
			);
			dependencies = (
				0282B7093938C856DEF29A36 /* PBXTargetDependency */,
			);
			name = FitDropTests;
			productName = FitDropTests;
			productReference = 270B4B76CCC40F3B83E1A6C0 /* FitDropTests.xctest */;
			productType = "com.apple.product-type.bundle.unit-test";
		};
		2EA0F0EEBBDACC255C65DECF /* FitDropWidgets */ = {
			isa = PBXNativeTarget;
			buildConfigurationList = 651BE202C9BBD815C4087ABD /* Build configuration list for PBXNativeTarget "FitDropWidgets" */;
			buildPhases = (
				394A08A9ADA2696B1F4F413B /* Sources */,
				ACB091AA64158C5C1D165F3E /* Frameworks */,
				57C613EECFF0A71AEA6593B9 /* Resources */,
			);
			buildRules = (
			);
			dependencies = (
			);
			name = FitDropWidgets;
			productName = FitDropWidgets;
			productReference = 90D524E78A76ED14830D9A76 /* FitDropWidgets.appex */;
			productType = "com.apple.product-type.app-extension";
		};
		6A56FE8EC14209B62EEFA854 /* FitDropUITests */ = {
			isa = PBXNativeTarget;
			buildConfigurationList = 84F3A71DECF822355F40B570 /* Build configuration list for PBXNativeTarget "FitDropUITests" */;
			buildPhases = (
				092014C2903E43DE2303F82C /* Sources */,
				49AE0B2AE889E83F4A79CB10 /* Frameworks */,
				250A26DACEF3B68599C2E6C7 /* Resources */,
			);
			buildRules = (
			);
			dependencies = (
				9D8830CCC3DF3281B9042C48 /* PBXTargetDependency */,
			);
			name = FitDropUITests;
			productName = FitDropUITests;
			productReference = A6DF7299317C0DC3ECEE8BF2 /* FitDropUITests.xctest */;
			productType = "com.apple.product-type.bundle.ui-testing";
		};
		TT000001 /* FitDrop */ = {
			isa = PBXNativeTarget;
			buildConfigurationList = XX000001 /* Build configuration list for PBXNativeTarget "FitDrop" */;
			buildPhases = (
				UU000001 /* Sources */,
				DD000001 /* Frameworks */,
				UU000002 /* Resources */,
				4DF387B01984B00034670455 /* Embed Foundation Extensions */,
			);
			buildRules = (
			);
			dependencies = (
				ADF18B62B416FC8C39E08BEB /* PBXTargetDependency */,
			);
			name = FitDrop;
			productName = FitDrop;
			productReference = CC000001 /* FitDrop.app */;
			productType = "com.apple.product-type.application";
		};
/* End PBXNativeTarget section */

/* Begin PBXProject section */
		PP000001 /* Project object */ = {
			isa = PBXProject;
			attributes = {
				BuildIndependentTargetsInParallel = 1;
				LastSwiftUpdateCheck = 1500;
				LastUpgradeCheck = 1500;
				TargetAttributes = {
					TT000001 = {
						CreatedOnToolsVersion = 15.0;
					};
				};
			};
			buildConfigurationList = XX000002 /* Build configuration list for PBXProject "FitDrop" */;
			compatibilityVersion = "Xcode 14.0";
			developmentRegion = en;
			hasScannedForEncodings = 0;
			knownRegions = (
				en,
				Base,
			);
			mainGroup = FF000000;
			productRefGroup = FF000001 /* Products */;
			projectDirPath = "";
			projectRoot = "";
			targets = (
				TT000001 /* FitDrop */,
				1FB8219D1AAF32FEC566DF86 /* FitDropTests */,
				2EA0F0EEBBDACC255C65DECF /* FitDropWidgets */,
				6A56FE8EC14209B62EEFA854 /* FitDropUITests */,
			);
		};
/* End PBXProject section */

/* Begin PBXResourcesBuildPhase section */
		05089589E9DDBFA7138AFEA5 /* Resources */ = {
			isa = PBXResourcesBuildPhase;
			buildActionMask = 2147483647;
			files = (
			);
			runOnlyForDeploymentPostprocessing = 0;
		};
		250A26DACEF3B68599C2E6C7 /* Resources */ = {
			isa = PBXResourcesBuildPhase;
			buildActionMask = 2147483647;
			files = (
			);
			runOnlyForDeploymentPostprocessing = 0;
		};
		57C613EECFF0A71AEA6593B9 /* Resources */ = {
			isa = PBXResourcesBuildPhase;
			buildActionMask = 2147483647;
			files = (
			);
			runOnlyForDeploymentPostprocessing = 0;
		};
		UU000002 /* Resources */ = {
			isa = PBXResourcesBuildPhase;
			buildActionMask = 2147483647;
			files = (
				AA000029 /* Assets.xcassets in Resources */,
			);
			runOnlyForDeploymentPostprocessing = 0;
		};
/* End PBXResourcesBuildPhase section */

/* Begin PBXSourcesBuildPhase section */
		092014C2903E43DE2303F82C /* Sources */ = {
			isa = PBXSourcesBuildPhase;
			buildActionMask = 2147483647;
			files = (
				9E358C4F3894F2FB849B2BDE /* FitDropUITests.swift in Sources */,
			);
			runOnlyForDeploymentPostprocessing = 0;
		};
		394A08A9ADA2696B1F4F413B /* Sources */ = {
			isa = PBXSourcesBuildPhase;
			buildActionMask = 2147483647;
			files = (
				51771D7ED8717D77D7C3115B /* FastingLiveActivityWidget.swift in Sources */,
				7C998EFDBDE63AC97A615091 /* FitDropWidgetsBundle.swift in Sources */,
				F569049D737C4A049F3DCBB8 /* FastingActivityAttributes.swift in Sources */,
			);
			runOnlyForDeploymentPostprocessing = 0;
		};
		782A27752547609E30792276 /* Sources */ = {
			isa = PBXSourcesBuildPhase;
			buildActionMask = 2147483647;
			files = (
				9CAAC383737D50F00F181618 /* CalorieCalculatorTests.swift in Sources */,
				DC52A34CF31F490908DB475D /* FastingTests.swift in Sources */,
				610D8F7C7C5B127CC55F2A23 /* WorkoutTimingTests.swift in Sources */,
				208188F567B856E3D8981415 /* FoodTests.swift in Sources */,
				FE0D40B607FD859C58BA319C /* OFFFixtures.swift in Sources */,
				3834BBFA138626FFE6D64961 /* ProgressTests.swift in Sources */,
				36A279F1E8CCB16A4F4C28CB /* RunningTests.swift in Sources */,
				4A277CC7A2031EDF0A4494A5 /* TestSupport.swift in Sources */,
				70E3CE6547ABAFD757ED4C9D /* AIFoodTests.swift in Sources */,
			);
			runOnlyForDeploymentPostprocessing = 0;
		};
		UU000001 /* Sources */ = {
			isa = PBXSourcesBuildPhase;
			buildActionMask = 2147483647;
			files = (
				AA000001 /* FitDropApp.swift in Sources */,
				AA000002 /* ContentView.swift in Sources */,
				AA000003 /* UserProfile.swift in Sources */,
				AA000004 /* WorkoutSession.swift in Sources */,
				AA000005 /* FoodEntry.swift in Sources */,
				AA000006 /* FastingSession.swift in Sources */,
				AA000007 /* RunSession.swift in Sources */,
				AA000008 /* DesignSystem.swift in Sources */,
				AA000009 /* CalorieCalculator.swift in Sources */,
				AA000010 /* OpenFoodFactsService.swift in Sources */,
				AA000011 /* NotificationManager.swift in Sources */,
				AA000012 /* OnboardingViewModel.swift in Sources */,
				AA000013 /* WorkoutViewModel.swift in Sources */,
				AA000014 /* FoodViewModel.swift in Sources */,
				AA000015 /* FastingViewModel.swift in Sources */,
				AA000016 /* RunningPlanViewModel.swift in Sources */,
				AA000017 /* DashboardViewModel.swift in Sources */,
				AA000018 /* OnboardingView.swift in Sources */,
				AA000019 /* WorkoutLibraryView.swift in Sources */,
				AA000020 /* WorkoutDetailView.swift in Sources */,
				AA000021 /* WorkoutSessionView.swift in Sources */,
				AA000022 /* FoodTrackerView.swift in Sources */,
				AA000023 /* BarcodeScannerView.swift in Sources */,
				AA000024 /* FoodSearchView.swift in Sources */,
				AA000025 /* RunningPlanView.swift in Sources */,
				AA000026 /* DashboardView.swift in Sources */,
				AA000027 /* FastingView.swift in Sources */,
				AA000028 /* FastingHistoryView.swift in Sources */,
				B19C8210F90758C97A4BEB09 /* WaterLog.swift in Sources */,
				336ECEFAA94682BD7A3E3F80 /* Haptics.swift in Sources */,
				5D44A966A1E725996778F187 /* NumberFormatting.swift in Sources */,
				408FF947651D2F0AEFB616BB /* FastingLiveActivity.swift in Sources */,
				9C8564DB7C39E706D3F66E97 /* Streaks.swift in Sources */,
				D33644AAE51E5A626F22302B /* FastingActivityAttributes.swift in Sources */,
				3C502BA629C7013E62C88E96 /* DataExporter.swift in Sources */,
				141BA62ED73F341AD5274B6E /* HealthKitManager.swift in Sources */,
				AAE6DBD26D757D7BDE1C6756 /* SettingsView.swift in Sources */,
				7708A0B7C1298E4EF988E303 /* DemoData.swift in Sources */,
				FD2D2D8D040472A60859DF4C /* AIFoodAnalyzer.swift in Sources */,
				CA8592CCEFE6ED60D8F248BD /* KeychainStore.swift in Sources */,
				B56AB98F9B58920FBB580983 /* AIFoodScanView.swift in Sources */,
			);
			runOnlyForDeploymentPostprocessing = 0;
		};
/* End PBXSourcesBuildPhase section */

/* Begin PBXTargetDependency section */
		0282B7093938C856DEF29A36 /* PBXTargetDependency */ = {
			isa = PBXTargetDependency;
			name = FitDrop;
			target = TT000001 /* FitDrop */;
			targetProxy = EC225174D41EE1D5504502F4 /* PBXContainerItemProxy */;
		};
		9D8830CCC3DF3281B9042C48 /* PBXTargetDependency */ = {
			isa = PBXTargetDependency;
			name = FitDrop;
			target = TT000001 /* FitDrop */;
			targetProxy = 8E0E4F25FD2F214188FE4277 /* PBXContainerItemProxy */;
		};
		ADF18B62B416FC8C39E08BEB /* PBXTargetDependency */ = {
			isa = PBXTargetDependency;
			name = FitDropWidgets;
			target = 2EA0F0EEBBDACC255C65DECF /* FitDropWidgets */;
			targetProxy = 79EFB7E34477B00FD7BBFC69 /* PBXContainerItemProxy */;
		};
/* End PBXTargetDependency section */

/* Begin XCBuildConfiguration section */
		38EFD8DB687DE452B9D0604A /* Debug */ = {
			isa = XCBuildConfiguration;
			buildSettings = {
				CLANG_ENABLE_OBJC_WEAK = NO;
				CODE_SIGN_STYLE = Automatic;
				GENERATE_INFOPLIST_FILE = YES;
				IPHONEOS_DEPLOYMENT_TARGET = 17.0;
				PRODUCT_BUNDLE_IDENTIFIER = com.adnanmujkanovic.fitdrop.uitests;
				PRODUCT_NAME = "$(TARGET_NAME)";
				SDKROOT = iphoneos;
				SWIFT_VERSION = 5.0;
				TARGETED_DEVICE_FAMILY = 1;
				TEST_TARGET_NAME = FitDrop;
			};
			name = Debug;
		};
		48D195366C10550CB5E6C099 /* Release */ = {
			isa = XCBuildConfiguration;
			buildSettings = {
				APPLICATION_EXTENSION_API_ONLY = YES;
				CLANG_ENABLE_OBJC_WEAK = NO;
				CODE_SIGN_STYLE = Automatic;
				CURRENT_PROJECT_VERSION = 1;
				DEVELOPMENT_TEAM = UWLH283JYH;
				GENERATE_INFOPLIST_FILE = YES;
				INFOPLIST_FILE = FitDropWidgets/Info.plist;
				INFOPLIST_KEY_CFBundleDisplayName = "FitDrop Widgets";
				IPHONEOS_DEPLOYMENT_TARGET = 17.0;
				LD_RUNPATH_SEARCH_PATHS = (
					"$(inherited)",
					"@executable_path/Frameworks",
					"@executable_path/../../Frameworks",
				);
				MARKETING_VERSION = 1.0;
				PRODUCT_BUNDLE_IDENTIFIER = com.adnanmujkanovic.fitdrop.widgets;
				PRODUCT_NAME = "$(TARGET_NAME)";
				SDKROOT = iphoneos;
				SKIP_INSTALL = YES;
				SWIFT_VERSION = 5.0;
				TARGETED_DEVICE_FAMILY = 1;
				VALIDATE_PRODUCT = YES;
			};
			name = Release;
		};
		5A6A69F69B306959D3CCE5F2 /* Release */ = {
			isa = XCBuildConfiguration;
			buildSettings = {
				BUNDLE_LOADER = "$(TEST_HOST)";
				CLANG_ENABLE_OBJC_WEAK = NO;
				CODE_SIGN_STYLE = Automatic;
				GENERATE_INFOPLIST_FILE = YES;
				IPHONEOS_DEPLOYMENT_TARGET = 17.0;
				PRODUCT_BUNDLE_IDENTIFIER = com.adnanmujkanovic.fitdrop.tests;
				PRODUCT_NAME = "$(TARGET_NAME)";
				SDKROOT = iphoneos;
				SWIFT_VERSION = 5.0;
				TARGETED_DEVICE_FAMILY = 1;
				TEST_HOST = "$(BUILT_PRODUCTS_DIR)/FitDrop.app/$(BUNDLE_EXECUTABLE_FOLDER_PATH)/FitDrop";
				VALIDATE_PRODUCT = YES;
			};
			name = Release;
		};
		9A9FB7D24F06CC7AB7F92EFF /* Debug */ = {
			isa = XCBuildConfiguration;
			buildSettings = {
				APPLICATION_EXTENSION_API_ONLY = YES;
				CLANG_ENABLE_OBJC_WEAK = NO;
				CODE_SIGN_STYLE = Automatic;
				CURRENT_PROJECT_VERSION = 1;
				DEVELOPMENT_TEAM = UWLH283JYH;
				GENERATE_INFOPLIST_FILE = YES;
				INFOPLIST_FILE = FitDropWidgets/Info.plist;
				INFOPLIST_KEY_CFBundleDisplayName = "FitDrop Widgets";
				IPHONEOS_DEPLOYMENT_TARGET = 17.0;
				LD_RUNPATH_SEARCH_PATHS = (
					"$(inherited)",
					"@executable_path/Frameworks",
					"@executable_path/../../Frameworks",
				);
				MARKETING_VERSION = 1.0;
				PRODUCT_BUNDLE_IDENTIFIER = com.adnanmujkanovic.fitdrop.widgets;
				PRODUCT_NAME = "$(TARGET_NAME)";
				SDKROOT = iphoneos;
				SKIP_INSTALL = YES;
				SWIFT_VERSION = 5.0;
				TARGETED_DEVICE_FAMILY = 1;
			};
			name = Debug;
		};
		DBE24703E9F9F7F30A8F2ED0 /* Release */ = {
			isa = XCBuildConfiguration;
			buildSettings = {
				CLANG_ENABLE_OBJC_WEAK = NO;
				CODE_SIGN_STYLE = Automatic;
				GENERATE_INFOPLIST_FILE = YES;
				IPHONEOS_DEPLOYMENT_TARGET = 17.0;
				PRODUCT_BUNDLE_IDENTIFIER = com.adnanmujkanovic.fitdrop.uitests;
				PRODUCT_NAME = "$(TARGET_NAME)";
				SDKROOT = iphoneos;
				SWIFT_VERSION = 5.0;
				TARGETED_DEVICE_FAMILY = 1;
				TEST_TARGET_NAME = FitDrop;
				VALIDATE_PRODUCT = YES;
			};
			name = Release;
		};
		FC829608783C602E0475CD15 /* Debug */ = {
			isa = XCBuildConfiguration;
			buildSettings = {
				BUNDLE_LOADER = "$(TEST_HOST)";
				CLANG_ENABLE_OBJC_WEAK = NO;
				CODE_SIGN_STYLE = Automatic;
				GENERATE_INFOPLIST_FILE = YES;
				IPHONEOS_DEPLOYMENT_TARGET = 17.0;
				PRODUCT_BUNDLE_IDENTIFIER = com.adnanmujkanovic.fitdrop.tests;
				PRODUCT_NAME = "$(TARGET_NAME)";
				SDKROOT = iphoneos;
				SWIFT_VERSION = 5.0;
				TARGETED_DEVICE_FAMILY = 1;
				TEST_HOST = "$(BUILT_PRODUCTS_DIR)/FitDrop.app/$(BUNDLE_EXECUTABLE_FOLDER_PATH)/FitDrop";
			};
			name = Debug;
		};
		VV000001 /* Debug */ = {
			isa = XCBuildConfiguration;
			buildSettings = {
				ALWAYS_SEARCH_USER_PATHS = NO;
				ASSETCATALOG_COMPILER_APPICON_NAME = AppIcon;
				ASSETCATALOG_COMPILER_GLOBAL_ACCENT_COLOR_NAME = AccentColor;
				CLANG_ANALYZER_NONNULL = YES;
				CLANG_ANALYZER_NUMBER_OBJECT_CONVERSION = YES_AGGRESSIVE;
				CLANG_CXX_LANGUAGE_STANDARD = "gnu++20";
				CLANG_ENABLE_MODULES = YES;
				CLANG_ENABLE_OBJC_ARC = YES;
				CLANG_ENABLE_OBJC_WEAK = YES;
				CLANG_WARN_BLOCK_CAPTURE_AUTORELEASING = YES;
				CLANG_WARN_BOOL_CONVERSION = YES;
				CLANG_WARN_COMMA = YES;
				CLANG_WARN_CONSTANT_CONVERSION = YES;
				CLANG_WARN_DEPRECATED_OBJC_IMPLEMENTATIONS = YES;
				CLANG_WARN_DIRECT_OBJC_ISA_USAGE = YES_ERROR;
				CLANG_WARN_DOCUMENTATION_COMMENTS = YES;
				CLANG_WARN_EMPTY_BODY = YES;
				CLANG_WARN_ENUM_CONVERSION = YES;
				CLANG_WARN_INFINITE_RECURSION = YES;
				CLANG_WARN_INT_CONVERSION = YES;
				CLANG_WARN_NON_LITERAL_NULL_CONVERSION = YES;
				CLANG_WARN_OBJC_IMPLICIT_RETAIN_CYCLE = YES;
				CLANG_WARN_OBJC_LITERAL_CONVERSION = YES;
				CLANG_WARN_OBJC_ROOT_CLASS = YES_ERROR;
				CLANG_WARN_QUOTED_INCLUDE_IN_FRAMEWORK_HEADER = YES;
				CLANG_WARN_RANGE_LOOP_ANALYSIS = YES;
				CLANG_WARN_STRICT_PROTOTYPES = YES;
				CLANG_WARN_SUSPICIOUS_MOVE = YES;
				CLANG_WARN_UNGUARDED_AVAILABILITY = YES_AGGRESSIVE;
				CLANG_WARN_UNREACHABLE_CODE = YES;
				CLANG_WARN__DUPLICATE_METHOD_MATCH = YES;
				COPY_PHASE_STRIP = NO;
				DEBUG_INFORMATION_FORMAT = dwarf;
				ENABLE_STRICT_OBJC_MSGSEND = YES;
				ENABLE_TESTABILITY = YES;
				GCC_C_LANGUAGE_STANDARD = gnu11;
				GCC_DYNAMIC_NO_PIC = NO;
				GCC_NO_COMMON_BLOCKS = YES;
				GCC_OPTIMIZATION_LEVEL = 0;
				GCC_PREPROCESSOR_DEFINITIONS = (
					"DEBUG=1",
					"$(inherited)",
				);
				GCC_WARN_64_TO_32_BIT_CONVERSION = YES;
				GCC_WARN_ABOUT_RETURN_TYPE = YES_ERROR;
				GCC_WARN_UNDECLARED_SELECTOR = YES;
				GCC_WARN_UNINITIALIZED_AUTOS = YES_AGGRESSIVE;
				GCC_WARN_UNUSED_FUNCTION = YES;
				GCC_WARN_UNUSED_VARIABLE = YES;
				IPHONEOS_DEPLOYMENT_TARGET = 17.0;
				MTL_ENABLE_DEBUG_INFO = INCLUDE_SOURCE;
				MTL_FAST_MATH = YES;
				ONLY_ACTIVE_ARCH = YES;
				SDKROOT = iphoneos;
				SWIFT_ACTIVE_COMPILATION_CONDITIONS = DEBUG;
				SWIFT_OPTIMIZATION_LEVEL = "-Onone";
			};
			name = Debug;
		};
		VV000002 /* Release */ = {
			isa = XCBuildConfiguration;
			buildSettings = {
				ALWAYS_SEARCH_USER_PATHS = NO;
				ASSETCATALOG_COMPILER_APPICON_NAME = AppIcon;
				ASSETCATALOG_COMPILER_GLOBAL_ACCENT_COLOR_NAME = AccentColor;
				CLANG_ANALYZER_NONNULL = YES;
				CLANG_ANALYZER_NUMBER_OBJECT_CONVERSION = YES_AGGRESSIVE;
				CLANG_CXX_LANGUAGE_STANDARD = "gnu++20";
				CLANG_ENABLE_MODULES = YES;
				CLANG_ENABLE_OBJC_ARC = YES;
				CLANG_ENABLE_OBJC_WEAK = YES;
				CLANG_WARN_BLOCK_CAPTURE_AUTORELEASING = YES;
				CLANG_WARN_BOOL_CONVERSION = YES;
				CLANG_WARN_COMMA = YES;
				CLANG_WARN_CONSTANT_CONVERSION = YES;
				CLANG_WARN_DEPRECATED_OBJC_IMPLEMENTATIONS = YES;
				CLANG_WARN_DIRECT_OBJC_ISA_USAGE = YES_ERROR;
				CLANG_WARN_DOCUMENTATION_COMMENTS = YES;
				CLANG_WARN_EMPTY_BODY = YES;
				CLANG_WARN_ENUM_CONVERSION = YES;
				CLANG_WARN_INFINITE_RECURSION = YES;
				CLANG_WARN_INT_CONVERSION = YES;
				CLANG_WARN_NON_LITERAL_NULL_CONVERSION = YES;
				CLANG_WARN_OBJC_IMPLICIT_RETAIN_CYCLE = YES;
				CLANG_WARN_OBJC_LITERAL_CONVERSION = YES;
				CLANG_WARN_OBJC_ROOT_CLASS = YES_ERROR;
				CLANG_WARN_QUOTED_INCLUDE_IN_FRAMEWORK_HEADER = YES;
				CLANG_WARN_RANGE_LOOP_ANALYSIS = YES;
				CLANG_WARN_STRICT_PROTOTYPES = YES;
				CLANG_WARN_SUSPICIOUS_MOVE = YES;
				CLANG_WARN_UNGUARDED_AVAILABILITY = YES_AGGRESSIVE;
				CLANG_WARN_UNREACHABLE_CODE = YES;
				CLANG_WARN__DUPLICATE_METHOD_MATCH = YES;
				COPY_PHASE_STRIP = NO;
				DEBUG_INFORMATION_FORMAT = "dwarf-with-dsym";
				ENABLE_NS_ASSERTIONS = NO;
				ENABLE_STRICT_OBJC_MSGSEND = YES;
				GCC_C_LANGUAGE_STANDARD = gnu11;
				GCC_NO_COMMON_BLOCKS = YES;
				GCC_WARN_64_TO_32_BIT_CONVERSION = YES;
				GCC_WARN_ABOUT_RETURN_TYPE = YES_ERROR;
				GCC_WARN_UNDECLARED_SELECTOR = YES;
				GCC_WARN_UNINITIALIZED_AUTOS = YES_AGGRESSIVE;
				GCC_WARN_UNUSED_FUNCTION = YES;
				GCC_WARN_UNUSED_VARIABLE = YES;
				IPHONEOS_DEPLOYMENT_TARGET = 17.0;
				MTL_ENABLE_DEBUG_INFO = NO;
				MTL_FAST_MATH = YES;
				SDKROOT = iphoneos;
				SWIFT_COMPILATION_MODE = wholemodule;
				SWIFT_OPTIMIZATION_LEVEL = "-O";
				VALIDATE_PRODUCT = YES;
			};
			name = Release;
		};
		VV000003 /* Debug */ = {
			isa = XCBuildConfiguration;
			buildSettings = {
				ASSETCATALOG_COMPILER_APPICON_NAME = AppIcon;
				ASSETCATALOG_COMPILER_GLOBAL_ACCENT_COLOR_NAME = AccentColor;
				CODE_SIGN_ENTITLEMENTS = FitDrop/FitDrop.entitlements;
				CODE_SIGN_STYLE = Automatic;
				CURRENT_PROJECT_VERSION = 1;
				DEVELOPMENT_TEAM = UWLH283JYH;
				ENABLE_PREVIEWS = YES;
				GENERATE_INFOPLIST_FILE = YES;
				INFOPLIST_FILE = FitDrop/Info.plist;
				INFOPLIST_KEY_CFBundleDisplayName = FitDrop;
				INFOPLIST_KEY_ITSAppUsesNonExemptEncryption = NO;
				INFOPLIST_KEY_NSCameraUsageDescription = "FitDrop uses the camera to scan food barcodes so you can log what you eat quickly.";
				INFOPLIST_KEY_NSHealthShareUsageDescription = "FitDrop reads your steps and active energy to show how much you moved today.";
				INFOPLIST_KEY_NSHealthUpdateUsageDescription = "FitDrop saves your weight, water, food and workouts to Apple Health so all your data is in one place.";
				INFOPLIST_KEY_NSSupportsLiveActivities = YES;
				INFOPLIST_KEY_UIRequiredDeviceCapabilities = arm64;
				INFOPLIST_KEY_UISupportedInterfaceOrientations = UIInterfaceOrientationPortrait;
				IPHONEOS_DEPLOYMENT_TARGET = 17.0;
				LD_RUNPATH_SEARCH_PATHS = (
					"$(inherited)",
					"@executable_path/Frameworks",
				);
				MARKETING_VERSION = 1.0;
				PRODUCT_BUNDLE_IDENTIFIER = com.adnanmujkanovic.fitdrop;
				PRODUCT_NAME = "$(TARGET_NAME)";
				SWIFT_EMIT_LOC_STRINGS = YES;
				SWIFT_VERSION = 5.0;
				TARGETED_DEVICE_FAMILY = 1;
			};
			name = Debug;
		};
		VV000004 /* Release */ = {
			isa = XCBuildConfiguration;
			buildSettings = {
				ASSETCATALOG_COMPILER_APPICON_NAME = AppIcon;
				ASSETCATALOG_COMPILER_GLOBAL_ACCENT_COLOR_NAME = AccentColor;
				CODE_SIGN_ENTITLEMENTS = FitDrop/FitDrop.entitlements;
				CODE_SIGN_STYLE = Automatic;
				CURRENT_PROJECT_VERSION = 1;
				DEVELOPMENT_TEAM = UWLH283JYH;
				ENABLE_PREVIEWS = YES;
				GENERATE_INFOPLIST_FILE = YES;
				INFOPLIST_FILE = FitDrop/Info.plist;
				INFOPLIST_KEY_CFBundleDisplayName = FitDrop;
				INFOPLIST_KEY_ITSAppUsesNonExemptEncryption = NO;
				INFOPLIST_KEY_NSCameraUsageDescription = "FitDrop uses the camera to scan food barcodes so you can log what you eat quickly.";
				INFOPLIST_KEY_NSHealthShareUsageDescription = "FitDrop reads your steps and active energy to show how much you moved today.";
				INFOPLIST_KEY_NSHealthUpdateUsageDescription = "FitDrop saves your weight, water, food and workouts to Apple Health so all your data is in one place.";
				INFOPLIST_KEY_NSSupportsLiveActivities = YES;
				INFOPLIST_KEY_UIRequiredDeviceCapabilities = arm64;
				INFOPLIST_KEY_UISupportedInterfaceOrientations = UIInterfaceOrientationPortrait;
				IPHONEOS_DEPLOYMENT_TARGET = 17.0;
				LD_RUNPATH_SEARCH_PATHS = (
					"$(inherited)",
					"@executable_path/Frameworks",
				);
				MARKETING_VERSION = 1.0;
				PRODUCT_BUNDLE_IDENTIFIER = com.adnanmujkanovic.fitdrop;
				PRODUCT_NAME = "$(TARGET_NAME)";
				SWIFT_EMIT_LOC_STRINGS = YES;
				SWIFT_VERSION = 5.0;
				TARGETED_DEVICE_FAMILY = 1;
			};
			name = Release;
		};
/* End XCBuildConfiguration section */

/* Begin XCConfigurationList section */
		651BE202C9BBD815C4087ABD /* Build configuration list for PBXNativeTarget "FitDropWidgets" */ = {
			isa = XCConfigurationList;
			buildConfigurations = (
				48D195366C10550CB5E6C099 /* Release */,
				9A9FB7D24F06CC7AB7F92EFF /* Debug */,
			);
			defaultConfigurationIsVisible = 0;
			defaultConfigurationName = Release;
		};
		84F3A71DECF822355F40B570 /* Build configuration list for PBXNativeTarget "FitDropUITests" */ = {
			isa = XCConfigurationList;
			buildConfigurations = (
				DBE24703E9F9F7F30A8F2ED0 /* Release */,
				38EFD8DB687DE452B9D0604A /* Debug */,
			);
			defaultConfigurationIsVisible = 0;
			defaultConfigurationName = Release;
		};
		F2AB4B82A41D242DDE93ABFE /* Build configuration list for PBXNativeTarget "FitDropTests" */ = {
			isa = XCConfigurationList;
			buildConfigurations = (
				5A6A69F69B306959D3CCE5F2 /* Release */,
				FC829608783C602E0475CD15 /* Debug */,
			);
			defaultConfigurationIsVisible = 0;
			defaultConfigurationName = Release;
		};
		XX000001 /* Build configuration list for PBXNativeTarget "FitDrop" */ = {
			isa = XCConfigurationList;
			buildConfigurations = (
				VV000003 /* Debug */,
				VV000004 /* Release */,
			);
			defaultConfigurationIsVisible = 0;
			defaultConfigurationName = Release;
		};
		XX000002 /* Build configuration list for PBXProject "FitDrop" */ = {
			isa = XCConfigurationList;
			buildConfigurations = (
				VV000001 /* Debug */,
				VV000002 /* Release */,
			);
			defaultConfigurationIsVisible = 0;
			defaultConfigurationName = Release;
		};
/* End XCConfigurationList section */
	};
	rootObject = PP000001 /* Project object */;
}
